# @generated by Move, please check-in and do not edit manually.

[move]
version = 3
manifest_digest = "44510274C269E90E9F4A8FBB277A1B9DDF93BBCCCCB3E06B67C18B66E950D612"
deps_digest = "CAFAD8A7CF51067FB4358215BECB86BD100DD64E57C2AC8A7AE7D74B688F5965"
dependencies = [
  { id = "Bridge", name = "Bridge" },
  { id = "MoveStdlib", name = "MoveStdlib" },
  { id = "Pyth", name = "Pyth" },
  { id = "Sui", name = "Sui" },
  { id = "SuiSystem", name = "SuiSystem" },
  { id = "SupraOracle", name = "SupraOracle" },
  { id = "Switchboard", name = "Switchboard" },
]

[[move.package]]
id = "Bridge"
source = { git = "https://github.com/MystenLabs/sui.git", rev = "b5633abb4177", subdir = "crates/sui-framework/packages/bridge" }

dependencies = [
  { id = "MoveStdlib", name = "MoveStdlib" },
  { id = "Sui", name = "Sui" },
  { id = "SuiSystem", name = "SuiSystem" },
]

[[move.package]]
id = "MoveStdlib"
source = { git = "https://github.com/MystenLabs/sui.git", rev = "b5633abb4177", subdir = "crates/sui-framework/packages/move-stdlib" }

[[move.package]]
id = "Pyth"
source = { git = "https://github.com/pyth-network/pyth-crosschain.git", rev = "sui-contract-mainnet", subdir = "target_chains/sui/contracts" }

dependencies = [
  { id = "Sui", name = "Sui" },
  { id = "Wormhole", name = "Wormhole" },
]

[[move.package]]
id = "Sui"
source = { git = "https://github.com/MystenLabs/sui.git", rev = "b5633abb4177", subdir = "crates/sui-framework/packages/sui-framework" }

dependencies = [
  { id = "MoveStdlib", name = "MoveStdlib" },
]

[[move.package]]
id = "SuiSystem"
source = { git = "https://github.com/MystenLabs/sui.git", rev = "b5633abb4177", subdir = "crates/sui-framework/packages/sui-system" }

dependencies = [
  { id = "MoveStdlib", name = "MoveStdlib" },
  { id = "Sui", name = "Sui" },
]

[[move.package]]
id = "SupraOracle"
source = { git = "https://github.com/naviprotocol/dora-interface.git", rev = "main", subdir = "sui/mainnet/supra_holder" }

dependencies = [
  { id = "Sui", name = "Sui" },
  { id = "supra_validator", name = "supra_validator" },
]

[[move.package]]
id = "Switchboard"
source = { git = "https://github.com/suilend/switchboard.git", rev = "mainnet", subdir = "on_demand/" }

dependencies = [
  { id = "Sui", name = "Sui" },
]

[[move.package]]
id = "Wormhole"
source = { git = "https://github.com/wormhole-foundation/wormhole.git", rev = "sui/mainnet", subdir = "sui/wormhole" }

dependencies = [
  { id = "Sui", name = "Sui" },
]

[[move.package]]
id = "supra_utils"
source = { git = "https://github.com/naviprotocol/dora-interface.git", rev = "main", subdir = "sui/mainnet/supra_utils" }

dependencies = [
  { id = "Sui", name = "Sui" },
]

[[move.package]]
id = "supra_validator"
source = { git = "https://github.com/naviprotocol/dora-interface.git", rev = "main", subdir = "sui/mainnet/supra_validator" }

dependencies = [
  { id = "Sui", name = "Sui" },
  { id = "supra_utils", name = "supra_utils" },
]

[move.toolchain-version]
compiler-version = "1.49.1"
edition = "2024.beta"
flavor = "sui"

[env]

[env.mainnet]
chain-id = "35834a8a"
original-published-id = "0x625048cf13f8c67bc9e18d11952701b32597969fb10aa4f1736bafc1762776e4"
latest-published-id = "0x625048cf13f8c67bc9e18d11952701b32597969fb10aa4f1736bafc1762776e4"
published-version = "1"
