# THIS IS AN AUTOGENERATED FILE. DO NOT EDIT THIS FILE DIRECTLY.
# yarn lockfile v1


"@0no-co/graphql.web@^1.0.5":
  version "1.2.0"
  resolved "https://registry.yarnpkg.com/@0no-co/graphql.web/-/graphql.web-1.2.0.tgz#296d00581bfaaabfda1e976849d927824aaea81b"
  integrity sha512-/1iHy9TTr63gE1YcR5idjx8UREz1s0kFhydf3bBLCXyqjhkIc6igAzTOx3zPifCwFR87tsh/4Pa9cNts6d2otw==

"@0no-co/graphqlsp@^1.12.13":
  version "1.15.0"
  resolved "https://registry.yarnpkg.com/@0no-co/graphqlsp/-/graphqlsp-1.15.0.tgz#c5d4592981e2df6b2e0cdcca33684199eed38bf7"
  integrity sha512-SReJAGmOeXrHGod+9Odqrz4s43liK0b2DFUetb/jmYvxFpWmeNfFYo0seCh0jz8vG3p1pnYMav0+Tm7XwWtOJw==
  dependencies:
    "@gql.tada/internal" "^1.0.0"
    graphql "^15.5.0 || ^16.0.0 || ^17.0.0"

"@gql.tada/cli-utils@1.7.1":
  version "1.7.1"
  resolved "https://registry.yarnpkg.com/@gql.tada/cli-utils/-/cli-utils-1.7.1.tgz#2e849c4c5d7e0d4914b34d167a74e3022d0a79d1"
  integrity sha512-wg5ysZNQxtNQm67T3laVWmZzLpGb7QfyYWZdaUD2r1OjDj5Bgftq7eQlplmH+hsdffjuUyhJw/b5XAjeE2mJtg==
  dependencies:
    "@0no-co/graphqlsp" "^1.12.13"
    "@gql.tada/internal" "1.0.8"
    graphql "^15.5.0 || ^16.0.0 || ^17.0.0"

"@gql.tada/internal@1.0.8", "@gql.tada/internal@^1.0.0":
  version "1.0.8"
  resolved "https://registry.yarnpkg.com/@gql.tada/internal/-/internal-1.0.8.tgz#3ba9fa6534809788bbbe103492f70b8e9d754027"
  integrity sha512-XYdxJhtHC5WtZfdDqtKjcQ4d7R1s0d1rnlSs3OcBEUbYiPoJJfZU7tWsVXuv047Z6msvmr4ompJ7eLSK5Km57g==
  dependencies:
    "@0no-co/graphql.web" "^1.0.5"

"@graphql-typed-document-node/core@^3.2.0":
  version "3.2.0"
  resolved "https://registry.yarnpkg.com/@graphql-typed-document-node/core/-/core-3.2.0.tgz#5f3d96ec6b2354ad6d8a28bf216a1d97b5426861"
  integrity sha512-mB9oAsNCm9aM3/SOv4YtBMqZbYj10R7dkq8byBqxGY/ncFwhf2oQzMV+LCRlWoDSEBJ3COiR1yeDvMtsoOsuFQ==

"@mysten/bcs@1.8.0":
  version "1.8.0"
  resolved "https://registry.yarnpkg.com/@mysten/bcs/-/bcs-1.8.0.tgz#2d04dfc36e014cd09263d407964caf3080be3dda"
  integrity sha512-bDoLN1nN+XPONsvpNyNyqYHndM3PKWS419GLeRnbLoWyNm4bnyD1X4luEpJLLDq400hBuXiCan4RWjofvyTUIQ==
  dependencies:
    "@mysten/utils" "0.2.0"
    "@scure/base" "^1.2.6"

"@mysten/sui@^1.38.0":
  version "1.38.0"
  resolved "https://registry.yarnpkg.com/@mysten/sui/-/sui-1.38.0.tgz#2ca46e0d45ac7624d653e3ace3a4c856864102b0"
  integrity sha512-tH6V4BJsYi5d97MOiLoOhyldrYxkm/cu8dYV52asqh1i88HrSVMbPAJ9sVoeWN2Ju+QsJ/Go4ldSjdCkaBCyJQ==
  dependencies:
    "@graphql-typed-document-node/core" "^3.2.0"
    "@mysten/bcs" "1.8.0"
    "@mysten/utils" "0.2.0"
    "@noble/curves" "^1.9.4"
    "@noble/hashes" "^1.8.0"
    "@scure/base" "^1.2.6"
    "@scure/bip32" "^1.7.0"
    "@scure/bip39" "^1.6.0"
    gql.tada "^1.8.13"
    graphql "^16.11.0"
    poseidon-lite "0.2.1"
    valibot "^0.36.0"

"@mysten/utils@0.2.0":
  version "0.2.0"
  resolved "https://registry.yarnpkg.com/@mysten/utils/-/utils-0.2.0.tgz#8c4fa3858284de84c333bc7ae09510cf54d55a54"
  integrity sha512-CM6kJcJHX365cK6aXfFRLBiuyXc5WSBHQ43t94jqlCAIRw8umgNcTb5EnEA9n31wPAQgLDGgbG/rCUISCTJ66w==
  dependencies:
    "@scure/base" "^1.2.6"

"@noble/curves@^1.9.4", "@noble/curves@~1.9.0":
  version "1.9.7"
  resolved "https://registry.yarnpkg.com/@noble/curves/-/curves-1.9.7.tgz#79d04b4758a43e4bca2cbdc62e7771352fa6b951"
  integrity sha512-gbKGcRUYIjA3/zCCNaWDciTMFI0dCkvou3TL8Zmy5Nc7sJ47a0jtOeZoTaMxkuqRo9cRhjOdZJXegxYE5FN/xw==
  dependencies:
    "@noble/hashes" "1.8.0"

"@noble/hashes@1.8.0", "@noble/hashes@^1.8.0", "@noble/hashes@~1.8.0":
  version "1.8.0"
  resolved "https://registry.yarnpkg.com/@noble/hashes/-/hashes-1.8.0.tgz#cee43d801fcef9644b11b8194857695acd5f815a"
  integrity sha512-jCs9ldd7NwzpgXDIf6P3+NrHh9/sD6CQdxHyjQI+h/6rDNo88ypBxxz45UDuZHz9r3tNz7N/VInSVoVdtXEI4A==

"@scure/base@^1.2.6", "@scure/base@~1.2.5":
  version "1.2.6"
  resolved "https://registry.yarnpkg.com/@scure/base/-/base-1.2.6.tgz#ca917184b8231394dd8847509c67a0be522e59f6"
  integrity sha512-g/nm5FgUa//MCj1gV09zTJTaM6KBAHqLN907YVQqf7zC49+DcO4B1so4ZX07Ef10Twr6nuqYEH9GEggFXA4Fmg==

"@scure/bip32@^1.7.0":
  version "1.7.0"
  resolved "https://registry.yarnpkg.com/@scure/bip32/-/bip32-1.7.0.tgz#b8683bab172369f988f1589640e53c4606984219"
  integrity sha512-E4FFX/N3f4B80AKWp5dP6ow+flD1LQZo/w8UnLGYZO674jS6YnYeepycOOksv+vLPSpgN35wgKgy+ybfTb2SMw==
  dependencies:
    "@noble/curves" "~1.9.0"
    "@noble/hashes" "~1.8.0"
    "@scure/base" "~1.2.5"

"@scure/bip39@^1.6.0":
  version "1.6.0"
  resolved "https://registry.yarnpkg.com/@scure/bip39/-/bip39-1.6.0.tgz#475970ace440d7be87a6086cbee77cb8f1a684f9"
  integrity sha512-+lF0BbLiJNwVlev4eKelw1WWLaiKXw7sSl8T6FvBlWkdX+94aGJ4o8XjUdlyhTCjd8c+B3KT3JfS8P0bLRNU6A==
  dependencies:
    "@noble/hashes" "~1.8.0"
    "@scure/base" "~1.2.5"

"@types/node@^24.5.0":
  version "24.5.0"
  resolved "https://registry.yarnpkg.com/@types/node/-/node-24.5.0.tgz#70a482e6b1d50e603729d74e62a9a43705ddc9d7"
  integrity sha512-y1dMvuvJspJiPSDZUQ+WMBvF7dpnEqN4x9DDC9ie5Fs/HUZJA3wFp7EhHoVaKX/iI0cRoECV8X2jL8zi0xrHCg==
  dependencies:
    undici-types "~7.12.0"

gql.tada@^1.8.13:
  version "1.8.13"
  resolved "https://registry.yarnpkg.com/gql.tada/-/gql.tada-1.8.13.tgz#a724bbdaebe1d851d80bf59c5e8614956914b883"
  integrity sha512-fYoorairdPgxtE7Sf1X9/6bSN9Kt2+PN8KLg3hcF8972qFnawwUgs1OLVU8efZMHwL7EBHhhKBhrsGPlOs2lZQ==
  dependencies:
    "@0no-co/graphql.web" "^1.0.5"
    "@0no-co/graphqlsp" "^1.12.13"
    "@gql.tada/cli-utils" "1.7.1"
    "@gql.tada/internal" "1.0.8"

"graphql@^15.5.0 || ^16.0.0 || ^17.0.0", graphql@^16.11.0:
  version "16.11.0"
  resolved "https://registry.yarnpkg.com/graphql/-/graphql-16.11.0.tgz#96d17f66370678027fdf59b2d4c20b4efaa8a633"
  integrity sha512-mS1lbMsxgQj6hge1XZ6p7GPhbrtFwUFYi3wRzXAC/FmYnyXMTvvI3td3rjmQ2u8ewXueaSvRPWaEcgVVOT9Jnw==

poseidon-lite@0.2.1:
  version "0.2.1"
  resolved "https://registry.yarnpkg.com/poseidon-lite/-/poseidon-lite-0.2.1.tgz#7ad98e3a3aa5b91a1fd3a61a87460e9e46fd76d6"
  integrity sha512-xIr+G6HeYfOhCuswdqcFpSX47SPhm0EpisWJ6h7fHlWwaVIvH3dLnejpatrtw6Xc6HaLrpq05y7VRfvDmDGIog==

typescript@^5.9.2:
  version "5.9.2"
  resolved "https://registry.yarnpkg.com/typescript/-/typescript-5.9.2.tgz#d93450cddec5154a2d5cabe3b8102b83316fb2a6"
  integrity sha512-CWBzXQrc/qOkhidw1OzBTQuYRbfyxDXJMVJ1XNwUHGROVmuaeiEm3OslpZ1RV96d7SKKjZKrSJu3+t/xlw3R9A==

undici-types@~7.12.0:
  version "7.12.0"
  resolved "https://registry.yarnpkg.com/undici-types/-/undici-types-7.12.0.tgz#15c5c7475c2a3ba30659529f5cdb4674b622fafb"
  integrity sha512-goOacqME2GYyOZZfb5Lgtu+1IDmAlAEu5xnD3+xTzS10hT0vzpf0SPjkXwAw9Jm+4n/mQGDP3LO8CPbYROeBfQ==

valibot@^0.36.0:
  version "0.36.0"
  resolved "https://registry.yarnpkg.com/valibot/-/valibot-0.36.0.tgz#74e746694b1abcc1879e4393db551d4ce1e10578"
  integrity sha512-CjF1XN4sUce8sBK9TixrDqFM7RwNkuXdJu174/AwmQUB62QbCQADg5lLe8ldBalFgtj1uKj+pKwDJiNo4Mn+eQ==
