# THIS IS AN AUTOGENERATED FILE. DO NOT EDIT THIS FILE DIRECTLY.
# yarn lockfile v1


"@0no-co/graphql.web@^1.0.5":
  version "1.1.2"
  resolved "https://registry.yarnpkg.com/@0no-co/graphql.web/-/graphql.web-1.1.2.tgz#9af8deaf3f236c1c6ee99cc5349051475e5dcc83"
  integrity sha512-N2NGsU5FLBhT8NZ+3l2YrzZSHITjNXNuDhC4iDiikv0IujaJ0Xc6xIxQZ/Ek3Cb+rgPjnLHYyJm11tInuJn+cw==

"@0no-co/graphqlsp@^1.12.13":
  version "1.14.0"
  resolved "https://registry.yarnpkg.com/@0no-co/graphqlsp/-/graphqlsp-1.14.0.tgz#699fd64df641e1df7fc2db0d942b3d21a10cab76"
  integrity sha512-rgOJ0Bj9UFBmE7BfUGhsqYPYqPwCk1MCggoYN4NUSdX6gpqatNuzHNB2wHcAd9xdY55jHNRhHy5NsgwY6EGgmg==
  dependencies:
    "@gql.tada/internal" "^1.0.0"
    graphql "^15.5.0 || ^16.0.0 || ^17.0.0"

"@gql.tada/cli-utils@1.7.0":
  version "1.7.0"
  resolved "https://registry.yarnpkg.com/@gql.tada/cli-utils/-/cli-utils-1.7.0.tgz#9aa3522dc4b5e13a8ca30f1b1b8834b82d29275f"
  integrity sha512-Jj74qfIplT+MzUUWABeUJxHF5lxiyOJpE4ENeIOwvcPAi+QYoxsKNj/aPcGAk2jK5CrP9aFtE5O7794q2rWjlQ==
  dependencies:
    "@0no-co/graphqlsp" "^1.12.13"
    "@gql.tada/internal" "1.0.8"
    graphql "^15.5.0 || ^16.0.0 || ^17.0.0"

"@gql.tada/internal@1.0.8", "@gql.tada/internal@^1.0.0":
  version "1.0.8"
  resolved "https://registry.yarnpkg.com/@gql.tada/internal/-/internal-1.0.8.tgz#3ba9fa6534809788bbbe103492f70b8e9d754027"
  integrity sha512-XYdxJhtHC5WtZfdDqtKjcQ4d7R1s0d1rnlSs3OcBEUbYiPoJJfZU7tWsVXuv047Z6msvmr4ompJ7eLSK5Km57g==
  dependencies:
    "@0no-co/graphql.web" "^1.0.5"

"@graphql-typed-document-node/core@^3.2.0":
  version "3.2.0"
  resolved "https://registry.yarnpkg.com/@graphql-typed-document-node/core/-/core-3.2.0.tgz#5f3d96ec6b2354ad6d8a28bf216a1d97b5426861"
  integrity sha512-mB9oAsNCm9aM3/SOv4YtBMqZbYj10R7dkq8byBqxGY/ncFwhf2oQzMV+LCRlWoDSEBJ3COiR1yeDvMtsoOsuFQ==

"@mysten/bcs@1.6.4":
  version "1.6.4"
  resolved "https://registry.yarnpkg.com/@mysten/bcs/-/bcs-1.6.4.tgz#e3e941c44282a0e39d235044953f8fa6eccf5e07"
  integrity sha512-HBBrqMtnVp5vy12efJYhj/HnOYGu+x5SqRQpnOJEHEkxypGZ01WNFoCNw7USzDSyJvPauhqdzUXzR+lYM1D5/g==
  dependencies:
    "@mysten/utils" "0.1.1"
    "@scure/base" "^1.2.6"

"@mysten/sui@^1.36.2":
  version "1.36.2"
  resolved "https://registry.yarnpkg.com/@mysten/sui/-/sui-1.36.2.tgz#4bf7586caf8429d22628d9028501011286b6829d"
  integrity sha512-TRRdzJBa+ZvAQwwjvagecmWNALP6G4oqum8E+959D17KJKBwR5uY9TvlWzUR7dnjNWXIju7OH6KEqgah9hKzUw==
  dependencies:
    "@graphql-typed-document-node/core" "^3.2.0"
    "@mysten/bcs" "1.6.4"
    "@mysten/utils" "0.1.1"
    "@noble/curves" "^1.9.4"
    "@noble/hashes" "^1.8.0"
    "@scure/base" "^1.2.6"
    "@scure/bip32" "^1.7.0"
    "@scure/bip39" "^1.6.0"
    gql.tada "^1.8.12"
    graphql "^16.11.0"
    poseidon-lite "^0.2.0"
    valibot "^0.36.0"

"@mysten/utils@0.1.1":
  version "0.1.1"
  resolved "https://registry.yarnpkg.com/@mysten/utils/-/utils-0.1.1.tgz#4f2e24234bcf8b6977e47fd5469f46af57de5575"
  integrity sha512-jvhJC6/2la1QHltukQXzfyTZ+VVHxe187JjPx+mEXRUWyAo6jCSdioOQJIfaGu4K4i+37KeiydXRwV/bq/7UJQ==
  dependencies:
    "@scure/base" "^1.2.6"

"@noble/curves@^1.9.4", "@noble/curves@~1.9.0":
  version "1.9.4"
  resolved "https://registry.yarnpkg.com/@noble/curves/-/curves-1.9.4.tgz#a748c6837ee7854a558cc3b951aedd87a5e7d6a5"
  integrity sha512-2bKONnuM53lINoDrSmK8qP8W271ms7pygDhZt4SiLOoLwBtoHqeCFi6RG42V8zd3mLHuJFhU/Bmaqo4nX0/kBw==
  dependencies:
    "@noble/hashes" "1.8.0"

"@noble/hashes@1.8.0", "@noble/hashes@^1.8.0", "@noble/hashes@~1.8.0":
  version "1.8.0"
  resolved "https://registry.yarnpkg.com/@noble/hashes/-/hashes-1.8.0.tgz#cee43d801fcef9644b11b8194857695acd5f815a"
  integrity sha512-jCs9ldd7NwzpgXDIf6P3+NrHh9/sD6CQdxHyjQI+h/6rDNo88ypBxxz45UDuZHz9r3tNz7N/VInSVoVdtXEI4A==

"@scure/base@^1.2.6", "@scure/base@~1.2.5":
  version "1.2.6"
  resolved "https://registry.yarnpkg.com/@scure/base/-/base-1.2.6.tgz#ca917184b8231394dd8847509c67a0be522e59f6"
  integrity sha512-g/nm5FgUa//MCj1gV09zTJTaM6KBAHqLN907YVQqf7zC49+DcO4B1so4ZX07Ef10Twr6nuqYEH9GEggFXA4Fmg==

"@scure/bip32@^1.7.0":
  version "1.7.0"
  resolved "https://registry.yarnpkg.com/@scure/bip32/-/bip32-1.7.0.tgz#b8683bab172369f988f1589640e53c4606984219"
  integrity sha512-E4FFX/N3f4B80AKWp5dP6ow+flD1LQZo/w8UnLGYZO674jS6YnYeepycOOksv+vLPSpgN35wgKgy+ybfTb2SMw==
  dependencies:
    "@noble/curves" "~1.9.0"
    "@noble/hashes" "~1.8.0"
    "@scure/base" "~1.2.5"

"@scure/bip39@^1.6.0":
  version "1.6.0"
  resolved "https://registry.yarnpkg.com/@scure/bip39/-/bip39-1.6.0.tgz#475970ace440d7be87a6086cbee77cb8f1a684f9"
  integrity sha512-+lF0BbLiJNwVlev4eKelw1WWLaiKXw7sSl8T6FvBlWkdX+94aGJ4o8XjUdlyhTCjd8c+B3KT3JfS8P0bLRNU6A==
  dependencies:
    "@noble/hashes" "~1.8.0"
    "@scure/base" "~1.2.5"

"@types/node@^24.1.0":
  version "24.1.0"
  resolved "https://registry.yarnpkg.com/@types/node/-/node-24.1.0.tgz#0993f7dc31ab5cc402d112315b463e383d68a49c"
  integrity sha512-ut5FthK5moxFKH2T1CUOC6ctR67rQRvvHdFLCD2Ql6KXmMuCrjsSsRI9UsLCm9M18BMwClv4pn327UvB7eeO1w==
  dependencies:
    undici-types "~7.8.0"

gql.tada@^1.8.12:
  version "1.8.12"
  resolved "https://registry.yarnpkg.com/gql.tada/-/gql.tada-1.8.12.tgz#b3a36a299b14cc673128d477fc71917747293213"
  integrity sha512-VuHbhYyhPN7XDc06Gl3jYWxMlqa1MLX5xbrmbBbzelX/+M5khxDsNBE7FvTEvAmx0RyLyDkEtRPWRfIdMCTKTw==
  dependencies:
    "@0no-co/graphql.web" "^1.0.5"
    "@0no-co/graphqlsp" "^1.12.13"
    "@gql.tada/cli-utils" "1.7.0"
    "@gql.tada/internal" "1.0.8"

"graphql@^15.5.0 || ^16.0.0 || ^17.0.0", graphql@^16.11.0:
  version "16.11.0"
  resolved "https://registry.yarnpkg.com/graphql/-/graphql-16.11.0.tgz#96d17f66370678027fdf59b2d4c20b4efaa8a633"
  integrity sha512-mS1lbMsxgQj6hge1XZ6p7GPhbrtFwUFYi3wRzXAC/FmYnyXMTvvI3td3rjmQ2u8ewXueaSvRPWaEcgVVOT9Jnw==

poseidon-lite@^0.2.0:
  version "0.2.1"
  resolved "https://registry.yarnpkg.com/poseidon-lite/-/poseidon-lite-0.2.1.tgz#7ad98e3a3aa5b91a1fd3a61a87460e9e46fd76d6"
  integrity sha512-xIr+G6HeYfOhCuswdqcFpSX47SPhm0EpisWJ6h7fHlWwaVIvH3dLnejpatrtw6Xc6HaLrpq05y7VRfvDmDGIog==

typescript@^5.8.3:
  version "5.8.3"
  resolved "https://registry.yarnpkg.com/typescript/-/typescript-5.8.3.tgz#92f8a3e5e3cf497356f4178c34cd65a7f5e8440e"
  integrity sha512-p1diW6TqL9L07nNxvRMM7hMMw4c5XOo/1ibL4aAIGmSAt9slTE1Xgw5KWuof2uTOvCg9BY7ZRi+GaF+7sfgPeQ==

undici-types@~7.8.0:
  version "7.8.0"
  resolved "https://registry.yarnpkg.com/undici-types/-/undici-types-7.8.0.tgz#de00b85b710c54122e44fbfd911f8d70174cd294"
  integrity sha512-9UJ2xGDvQ43tYyVMpuHlsgApydB8ZKfVYTsLDhXkFL/6gfkp+U8xTGdh8pMJv1SpZna0zxG1DwsKZsreLbXBxw==

valibot@^0.36.0:
  version "0.36.0"
  resolved "https://registry.yarnpkg.com/valibot/-/valibot-0.36.0.tgz#74e746694b1abcc1879e4393db551d4ce1e10578"
  integrity sha512-CjF1XN4sUce8sBK9TixrDqFM7RwNkuXdJu174/AwmQUB62QbCQADg5lLe8ldBalFgtj1uKj+pKwDJiNo4Mn+eQ==
